
Microsoft Visual Studio Solution File, Format Version 12.00
# Visual Studio Version 17
VisualStudioVersion = 17.14.36015.10 d17.14
MinimumVisualStudioVersion = 10.0.40219.1
Project("{FAE04EC0-301F-11D3-BF4B-00C04F79EFBC}") = "WebApplicationDevops", "WebApplicationDevops\WebApplicationDevops.csproj", "{DABEA4BA-0DA8-4CDD-A78C-E8B0DAE08569}"
EndProject
Global
	GlobalSection(SolutionConfigurationPlatforms) = preSolution
		Debug|Any CPU = Debug|Any CPU
		Release|Any CPU = Release|Any CPU
	EndGlobalSection
	GlobalSection(ProjectConfigurationPlatforms) = postSolution
		{DABEA4BA-0DA8-4CDD-A78C-E8B0DAE08569}.Debug|Any CPU.ActiveCfg = Debug|Any CPU
		{DABEA4BA-0DA8-4CDD-A78C-E8B0DAE08569}.Debug|Any CPU.Build.0 = Debug|Any CPU
		{DABEA4BA-0DA8-4CDD-A78C-E8B0DAE08569}.Release|Any CPU.ActiveCfg = Release|Any CPU
		{DABEA4BA-0DA8-4CDD-A78C-E8B0DAE08569}.Release|Any CPU.Build.0 = Release|Any CPU
	EndGlobalSection
	GlobalSection(SolutionProperties) = preSolution
		HideSolutionNode = FALSE
	EndGlobalSection
	GlobalSection(ExtensibilityGlobals) = postSolution
		SolutionGuid = {3345987C-F219-4CEC-A5C8-C5085EFE9087}
	EndGlobalSection
EndGlobal
